<?xml version="1.0" encoding="utf-8"?>
<Project ToolsVersion="4.0" xmlns="http://schemas.microsoft.com/developer/msbuild/2003">
  <ItemGroup>
    <Filter Include="Source Files">
      <UniqueIdentifier>{4FC737F1-C7A5-4376-A066-2A32D752A2FF}</UniqueIdentifier>
      <Extensions>cpp;c;cc;cxx;def;odl;idl;hpj;bat;asm;asmx</Extensions>
    </Filter>
    <Filter Include="Header Files">
      <UniqueIdentifier>{93995380-89BD-4b04-88EB-625FBE52EBFB}</UniqueIdentifier>
      <Extensions>h;hh;hpp;hxx;hm;inl;inc;xsd</Extensions>
    </Filter>
    <Filter Include="Resource Files">
      <UniqueIdentifier>{67DA6AB6-F800-4c08-8B7A-83BB121AAD01}</UniqueIdentifier>
      <Extensions>rc;ico;cur;bmp;dlg;rc2;rct;bin;rgs;gif;jpg;jpeg;jpe;resx;tiff;tif;png;wav;mfcribbon-ms</Extensions>
    </Filter>
    <Filter Include="Header Files\Menu">
      <UniqueIdentifier>{1db5b0f8-f792-4245-aa83-db314dbb53a7}</UniqueIdentifier>
    </Filter>
    <Filter Include="Source Files\Menu">
      <UniqueIdentifier>{945d9394-9da7-4fcd-b535-5a3aa6e82bc6}</UniqueIdentifier>
    </Filter>
    <Filter Include="Source Files\Helpers">
      <UniqueIdentifier>{02dc805f-1682-493a-8b84-233b7576331d}</UniqueIdentifier>
    </Filter>
    <Filter Include="Header Files\Helpers">
      <UniqueIdentifier>{0256605d-db1f-4579-8592-1ca96426e05e}</UniqueIdentifier>
    </Filter>
    <Filter Include="Header Files\FrameworkFiles">
      <UniqueIdentifier>{a7e358e3-0ac5-4ce7-817a-e0324eef8f32}</UniqueIdentifier>
    </Filter>
    <Filter Include="Source Files\FrameworkFiles">
      <UniqueIdentifier>{179beaa1-0197-486a-a2af-192bb1a1cb21}</UniqueIdentifier>
    </Filter>
    <Filter Include="Header Files\Menu\dialog_boxes">
      <UniqueIdentifier>{1c9400c9-8feb-41aa-89cb-1d151c72f551}</UniqueIdentifier>
    </Filter>
    <Filter Include="Source Files\Menu\dialog_boxes">
      <UniqueIdentifier>{12582793-a5f4-4369-81b9-b184b400924d}</UniqueIdentifier>
    </Filter>
    <Filter Include="Source Files\Helpers\UI">
      <UniqueIdentifier>{5f50af8e-6a53-46f5-b2d4-52785ce06460}</UniqueIdentifier>
    </Filter>
    <Filter Include="Source Files\Helpers\Logic">
      <UniqueIdentifier>{705b2134-0fb3-4846-aefb-bb49a67320b3}</UniqueIdentifier>
    </Filter>
    <Filter Include="Header Files\Helpers\UI">
      <UniqueIdentifier>{953a9305-f0df-4292-b2c2-708f376e2e9d}</UniqueIdentifier>
    </Filter>
    <Filter Include="Header Files\Helpers\Logic">
      <UniqueIdentifier>{c56e4fc8-b0ea-48de-9f6f-71ab88a7e358}</UniqueIdentifier>
    </Filter>
    <Filter Include="Source Files\Menu\UI_elements">
      <UniqueIdentifier>{3670af44-e606-4eeb-b2d6-29b17e5e4f96}</UniqueIdentifier>
    </Filter>
    <Filter Include="Header Files\Menu\UI_elements">
      <UniqueIdentifier>{097f1aad-c531-4c5e-b4b6-20fcd2fdefa4}</UniqueIdentifier>
    </Filter>
    <Filter Include="Header Files\Managers">
      <UniqueIdentifier>{ae324b42-4074-41be-9703-bebd7d346ce7}</UniqueIdentifier>
    </Filter>
    <Filter Include="Source Files\Managers">
      <UniqueIdentifier>{31cb08f9-718a-4dcd-a42d-1aecc45fdda0}</UniqueIdentifier>
    </Filter>
    <Filter Include="Source Files\InGameControllers">
      <UniqueIdentifier>{717ff138-a1bf-4841-9f92-4c571a8b3fa1}</UniqueIdentifier>
    </Filter>
    <Filter Include="Header Files\InGameControllers">
      <UniqueIdentifier>{42083f9b-98ee-46a6-96ea-c87a83397ae4}</UniqueIdentifier>
    </Filter>
    <Filter Include="Header Files\GameObjects">
      <UniqueIdentifier>{9e1c1c43-b86b-48cb-aa88-0e4631f845b3}</UniqueIdentifier>
    </Filter>
    <Filter Include="Source Files\GameObjects">
      <UniqueIdentifier>{3d022fac-e552-454c-b599-d1b31d4047d9}</UniqueIdentifier>
    </Filter>
    <Filter Include="Header Files\levels">
      <UniqueIdentifier>{1a36a3ba-d6b6-4bcf-aed9-b14d5d31dc8d}</UniqueIdentifier>
    </Filter>
    <Filter Include="Source Files\levels">
      <UniqueIdentifier>{6312eb26-d794-45e8-9bf6-c06c5733c195}</UniqueIdentifier>
    </Filter>
  </ItemGroup>
  <ItemGroup>
    <ClCompile Include="Game.cpp">
      <Filter>Source Files</Filter>
    </ClCompile>
    <ClCompile Include="Map.cpp">
      <Filter>Source Files</Filter>
    </ClCompile>
    <ClCompile Include="SplashScreen.cpp">
      <Filter>Source Files</Filter>
    </ClCompile>
    <ClCompile Include="MainMenu.cpp">
      <Filter>Source Files\Menu</Filter>
    </ClCompile>
    <ClCompile Include="sdl_manager.cpp">
      <Filter>Source Files\FrameworkFiles</Filter>
    </ClCompile>
    <ClCompile Include="System.cpp">
      <Filter>Source Files\FrameworkFiles</Filter>
    </ClCompile>
    <ClCompile Include="Time.cpp">
      <Filter>Source Files\FrameworkFiles</Filter>
    </ClCompile>
    <ClCompile Include="Main.cpp">
      <Filter>Source Files\FrameworkFiles</Filter>
    </ClCompile>
    <ClCompile Include="DialogWindow.cpp">
      <Filter>Source Files\Menu\dialog_boxes</Filter>
    </ClCompile>
    <ClCompile Include="ConfirmDialog.cpp">
      <Filter>Source Files\Menu\dialog_boxes</Filter>
    </ClCompile>
    <ClCompile Include="TextRenderer.cpp">
      <Filter>Source Files\Helpers\UI</Filter>
    </ClCompile>
    <ClCompile Include="SimplePoint.cpp">
      <Filter>Source Files\Helpers\Logic</Filter>
    </ClCompile>
    <ClCompile Include="LeePathfinder.cpp">
      <Filter>Source Files\Helpers\Logic</Filter>
    </ClCompile>
    <ClCompile Include="MessageBox.cpp">
      <Filter>Source Files\Menu\dialog_boxes</Filter>
    </ClCompile>
    <ClCompile Include="CodeSnippets.cpp">
      <Filter>Source Files</Filter>
    </ClCompile>
    <ClCompile Include="Button.cpp">
      <Filter>Source Files\Menu\UI_elements</Filter>
    </ClCompile>
    <ClCompile Include="Slider.cpp">
      <Filter>Source Files\Menu\UI_elements</Filter>
    </ClCompile>
    <ClCompile Include="OptionsMenu.cpp">
      <Filter>Source Files\Menu</Filter>
    </ClCompile>
    <ClCompile Include="CheckBox.cpp">
      <Filter>Source Files\Menu\UI_elements</Filter>
    </ClCompile>
    <ClCompile Include="ItemList.cpp">
      <Filter>Source Files\Menu\UI_elements</Filter>
    </ClCompile>
    <ClCompile Include="ScrollBar.cpp">
      <Filter>Source Files\Menu\UI_elements</Filter>
    </ClCompile>
    <ClCompile Include="LoadWindow.cpp">
      <Filter>Source Files\Menu</Filter>
    </ClCompile>
    <ClCompile Include="FileHandler.cpp">
      <Filter>Source Files</Filter>
    </ClCompile>
    <ClCompile Include="Constants.cpp">
      <Filter>Source Files</Filter>
    </ClCompile>
    <ClCompile Include="TilesetManager.cpp">
      <Filter>Source Files\Managers</Filter>
    </ClCompile>
    <ClCompile Include="MapManager.cpp">
      <Filter>Source Files\Managers</Filter>
    </ClCompile>
    <ClCompile Include="Painter.cpp">
      <Filter>Source Files\InGameControllers</Filter>
    </ClCompile>
    <ClCompile Include="GameObject.cpp">
      <Filter>Source Files\GameObjects</Filter>
    </ClCompile>
    <ClCompile Include="DrawableObject.cpp">
      <Filter>Source Files\GameObjects</Filter>
    </ClCompile>
    <ClCompile Include="Tile.cpp">
      <Filter>Source Files\GameObjects</Filter>
    </ClCompile>
    <ClCompile Include="TaskList.cpp">
      <Filter>Source Files</Filter>
    </ClCompile>
    <ClCompile Include="Camera.cpp">
      <Filter>Source Files\GameObjects</Filter>
    </ClCompile>
    <ClCompile Include="LevelManager.cpp">
      <Filter>Source Files\Managers</Filter>
    </ClCompile>
    <ClCompile Include="LoadScreen.cpp">
      <Filter>Source Files\Menu</Filter>
    </ClCompile>
    <ClCompile Include="Level_1.cpp">
      <Filter>Source Files\levels</Filter>
    </ClCompile>
    <ClCompile Include="LivingEntity.cpp">
      <Filter>Source Files\GameObjects</Filter>
    </ClCompile>
    <ClCompile Include="Player.cpp">
      <Filter>Source Files\GameObjects</Filter>
    </ClCompile>
    <ClCompile Include="HelperFunctions.cpp">
      <Filter>Source Files\Helpers</Filter>
    </ClCompile>
    <ClCompile Include="Level.cpp">
      <Filter>Source Files\levels</Filter>
    </ClCompile>
  </ItemGroup>
  <ItemGroup>
    <ClInclude Include="Game.h">
      <Filter>Header Files</Filter>
    </ClInclude>
    <ClInclude Include="Map.h">
      <Filter>Header Files</Filter>
    </ClInclude>
    <ClInclude Include="SplashScreen.h">
      <Filter>Header Files</Filter>
    </ClInclude>
    <ClInclude Include="MainMenu.h">
      <Filter>Header Files\Menu</Filter>
    </ClInclude>
    <ClInclude Include="Time.h">
      <Filter>Header Files\FrameworkFiles</Filter>
    </ClInclude>
    <ClInclude Include="System.h">
      <Filter>Header Files\FrameworkFiles</Filter>
    </ClInclude>
    <ClInclude Include="sdl_manager.h">
      <Filter>Header Files\FrameworkFiles</Filter>
    </ClInclude>
    <ClInclude Include="DialogWindow.h">
      <Filter>Header Files\Menu\dialog_boxes</Filter>
    </ClInclude>
    <ClInclude Include="ConfirmDialog.h">
      <Filter>Header Files\Menu\dialog_boxes</Filter>
    </ClInclude>
    <ClInclude Include="TextRenderer.h">
      <Filter>Header Files\Helpers\UI</Filter>
    </ClInclude>
    <ClInclude Include="LeePathfinder.h">
      <Filter>Header Files\Helpers\Logic</Filter>
    </ClInclude>
    <ClInclude Include="SimplePoint.h">
      <Filter>Header Files\Helpers\Logic</Filter>
    </ClInclude>
    <ClInclude Include="MessageBox.h">
      <Filter>Header Files\Menu\dialog_boxes</Filter>
    </ClInclude>
    <ClInclude Include="Button.h">
      <Filter>Header Files\Menu\UI_elements</Filter>
    </ClInclude>
    <ClInclude Include="Slider.h">
      <Filter>Header Files\Menu\UI_elements</Filter>
    </ClInclude>
    <ClInclude Include="OptionsMenu.h">
      <Filter>Header Files\Menu</Filter>
    </ClInclude>
    <ClInclude Include="CheckBox.h">
      <Filter>Header Files\Menu\UI_elements</Filter>
    </ClInclude>
    <ClInclude Include="ItemList.h">
      <Filter>Header Files\Menu\UI_elements</Filter>
    </ClInclude>
    <ClInclude Include="Mouse.h">
      <Filter>Header Files\FrameworkFiles</Filter>
    </ClInclude>
    <ClInclude Include="ScrollBar.h">
      <Filter>Header Files\Menu\UI_elements</Filter>
    </ClInclude>
    <ClInclude Include="ListItem.h">
      <Filter>Header Files\Menu\UI_elements</Filter>
    </ClInclude>
    <ClInclude Include="LoadWindow.h">
      <Filter>Header Files\Menu</Filter>
    </ClInclude>
    <ClInclude Include="FileHandler.h">
      <Filter>Header Files</Filter>
    </ClInclude>
    <ClInclude Include="Constants.h">
      <Filter>Header Files</Filter>
    </ClInclude>
    <ClInclude Include="TilesetManager.h">
      <Filter>Header Files\Managers</Filter>
    </ClInclude>
    <ClInclude Include="MapManager.h">
      <Filter>Header Files\Managers</Filter>
    </ClInclude>
    <ClInclude Include="Painter.h">
      <Filter>Header Files\InGameControllers</Filter>
    </ClInclude>
    <ClInclude Include="GameObject.h">
      <Filter>Header Files\GameObjects</Filter>
    </ClInclude>
    <ClInclude Include="Tile.h">
      <Filter>Header Files\GameObjects</Filter>
    </ClInclude>
    <ClInclude Include="DrawableObject.h">
      <Filter>Header Files\GameObjects</Filter>
    </ClInclude>
    <ClInclude Include="Camera.h">
      <Filter>Header Files\GameObjects</Filter>
    </ClInclude>
    <ClInclude Include="Sprite.h">
      <Filter>Header Files</Filter>
    </ClInclude>
    <ClInclude Include="LevelManager.h">
      <Filter>Header Files\Managers</Filter>
    </ClInclude>
    <ClInclude Include="LoadScreen.h">
      <Filter>Header Files\Menu</Filter>
    </ClInclude>
    <ClInclude Include="Level_1.h">
      <Filter>Header Files\levels</Filter>
    </ClInclude>
    <ClInclude Include="Player.h">
      <Filter>Header Files\GameObjects</Filter>
    </ClInclude>
    <ClInclude Include="LivingEntity.h">
      <Filter>Header Files\GameObjects</Filter>
    </ClInclude>
    <ClInclude Include="HelperFunctions.h">
      <Filter>Header Files\Helpers</Filter>
    </ClInclude>
    <ClInclude Include="Level.h">
      <Filter>Header Files\levels</Filter>
    </ClInclude>
  </ItemGroup>
  <ItemGroup>
    <None Include="packages.config" />
  </ItemGroup>
</Project>